// !$*UTF8*$!
{
	archiveVersion = 1;
	classes = {
	};
	objectVersion = 56;
	objects = {

/* Begin PBXBuildFile section */
		50FB6C55293ED376004C1D7C /* AppDelegate.m in Sources */ = {isa = PBXBuildFile; fileRef = 50FB6C54293ED376004C1D7C /* AppDelegate.m */; };
		50FB6C58293ED376004C1D7C /* SceneDelegate.m in Sources */ = {isa = PBXBuildFile; fileRef = 50FB6C57293ED376004C1D7C /* SceneDelegate.m */; };
		50FB6C5B293ED376004C1D7C /* ViewController.m in Sources */ = {isa = PBXBuildFile; fileRef = 50FB6C5A293ED376004C1D7C /* ViewController.m */; };
		50FB6C5E293ED376004C1D7C /* Main.storyboard in Resources */ = {isa = PBXBuildFile; fileRef = 50FB6C5C293ED376004C1D7C /* Main.storyboard */; };
		50FB6C60293ED377004C1D7C /* Assets.xcassets in Resources */ = {isa = PBXBuildFile; fileRef = 50FB6C5F293ED377004C1D7C /* Assets.xcassets */; };
		50FB6C63293ED377004C1D7C /* LaunchScreen.storyboard in Resources */ = {isa = PBXBuildFile; fileRef = 50FB6C61293ED377004C1D7C /* LaunchScreen.storyboard */; };
		50FB6C66293ED377004C1D7C /* main.m in Sources */ = {isa = PBXBuildFile; fileRef = 50FB6C65293ED377004C1D7C /* main.m */; };
		50FB6C70293ED377004C1D7C /* CalculatorTests.m in Sources */ = {isa = PBXBuildFile; fileRef = 50FB6C6F293ED377004C1D7C /* CalculatorTests.m */; };
		50FB6C7A293ED377004C1D7C /* CalculatorUITests.m in Sources */ = {isa = PBXBuildFile; fileRef = 50FB6C79293ED377004C1D7C /* CalculatorUITests.m */; };
		50FB6C7C293ED377004C1D7C /* CalculatorUITestsLaunchTests.m in Sources */ = {isa = PBXBuildFile; fileRef = 50FB6C7B293ED377004C1D7C /* CalculatorUITestsLaunchTests.m */; };
		50FB6C8A293EF3E9004C1D7C /* UIKit.framework in Frameworks */ = {isa = PBXBuildFile; fileRef = 50FB6C89293EF3E9004C1D7C /* UIKit.framework */; };
/* End PBXBuildFile section */

/* Begin PBXContainerItemProxy section */
		50FB6C6C293ED377004C1D7C /* PBXContainerItemProxy */ = {
			isa = PBXContainerItemProxy;
			containerPortal = 50FB6C48293ED376004C1D7C /* Project object */;
			proxyType = 1;
			remoteGlobalIDString = 50FB6C4F293ED376004C1D7C;
			remoteInfo = Calculator;
		};
		50FB6C76293ED377004C1D7C /* PBXContainerItemProxy */ = {
			isa = PBXContainerItemProxy;
			containerPortal = 50FB6C48293ED376004C1D7C /* Project object */;
			proxyType = 1;
			remoteGlobalIDString = 50FB6C4F293ED376004C1D7C;
			remoteInfo = Calculator;
		};
/* End PBXContainerItemProxy section */

/* Begin PBXFileReference section */
		50FB6C50293ED376004C1D7C /* Calculator.app */ = {isa = PBXFileReference; explicitFileType = wrapper.application; includeInIndex = 0; path = Calculator.app; sourceTree = BUILT_PRODUCTS_DIR; };
		50FB6C53293ED376004C1D7C /* AppDelegate.h */ = {isa = PBXFileReference; lastKnownFileType = sourcecode.c.h; path = AppDelegate.h; sourceTree = "<group>"; };
		50FB6C54293ED376004C1D7C /* AppDelegate.m */ = {isa = PBXFileReference; lastKnownFileType = sourcecode.c.objc; path = AppDelegate.m; sourceTree = "<group>"; };
		50FB6C56293ED376004C1D7C /* SceneDelegate.h */ = {isa = PBXFileReference; lastKnownFileType = sourcecode.c.h; path = SceneDelegate.h; sourceTree = "<group>"; };
		50FB6C57293ED376004C1D7C /* SceneDelegate.m */ = {isa = PBXFileReference; lastKnownFileType = sourcecode.c.objc; path = SceneDelegate.m; sourceTree = "<group>"; };
		50FB6C59293ED376004C1D7C /* ViewController.h */ = {isa = PBXFileReference; lastKnownFileType = sourcecode.c.h; path = ViewController.h; sourceTree = "<group>"; };
		50FB6C5A293ED376004C1D7C /* ViewController.m */ = {isa = PBXFileReference; lastKnownFileType = sourcecode.c.objc; path = ViewController.m; sourceTree = "<group>"; };
		50FB6C5D293ED376004C1D7C /* Base */ = {isa = PBXFileReference; lastKnownFileType = file.storyboard; name = Base; path = Base.lproj/Main.storyboard; sourceTree = "<group>"; };
		50FB6C5F293ED377004C1D7C /* Assets.xcassets */ = {isa = PBXFileReference; lastKnownFileType = folder.assetcatalog; path = Assets.xcassets; sourceTree = "<group>"; };
		50FB6C62293ED377004C1D7C /* Base */ = {isa = PBXFileReference; lastKnownFileType = file.storyboard; name = Base; path = Base.lproj/LaunchScreen.storyboard; sourceTree = "<group>"; };
		50FB6C64293ED377004C1D7C /* Info.plist */ = {isa = PBXFileReference; lastKnownFileType = text.plist.xml; path = Info.plist; sourceTree = "<group>"; };
		50FB6C65293ED377004C1D7C /* main.m */ = {isa = PBXFileReference; lastKnownFileType = sourcecode.c.objc; path = main.m; sourceTree = "<group>"; };
		50FB6C6B293ED377004C1D7C /* CalculatorTests.xctest */ = {isa = PBXFileReference; explicitFileType = wrapper.cfbundle; includeInIndex = 0; path = CalculatorTests.xctest; sourceTree = BUILT_PRODUCTS_DIR; };
		50FB6C6F293ED377004C1D7C /* CalculatorTests.m */ = {isa = PBXFileReference; lastKnownFileType = sourcecode.c.objc; path = CalculatorTests.m; sourceTree = "<group>"; };
		50FB6C75293ED377004C1D7C /* CalculatorUITests.xctest */ = {isa = PBXFileReference; explicitFileType = wrapper.cfbundle; includeInIndex = 0; path = CalculatorUITests.xctest; sourceTree = BUILT_PRODUCTS_DIR; };
		50FB6C79293ED377004C1D7C /* CalculatorUITests.m */ = {isa = PBXFileReference; lastKnownFileType = sourcecode.c.objc; path = CalculatorUITests.m; sourceTree = "<group>"; };
		50FB6C7B293ED377004C1D7C /* CalculatorUITestsLaunchTests.m */ = {isa = PBXFileReference; lastKnownFileType = sourcecode.c.objc; path = CalculatorUITestsLaunchTests.m; sourceTree = "<group>"; };
		50FB6C89293EF3E9004C1D7C /* UIKit.framework */ = {isa = PBXFileReference; lastKnownFileType = wrapper.framework; name = UIKit.framework; path = System/Library/Frameworks/UIKit.framework; sourceTree = SDKROOT; };
/* End PBXFileReference section */

/* Begin PBXFrameworksBuildPhase section */
		50FB6C4D293ED376004C1D7C /* Frameworks */ = {
			isa = PBXFrameworksBuildPhase;
			buildActionMask = 2147483647;
			files = (
				50FB6C8A293EF3E9004C1D7C /* UIKit.framework in Frameworks */,
			);
			runOnlyForDeploymentPostprocessing = 0;
		};
		50FB6C68293ED377004C1D7C /* Frameworks */ = {
			isa = PBXFrameworksBuildPhase;
			buildActionMask = 2147483647;
			files = (
			);
			runOnlyForDeploymentPostprocessing = 0;
		};
		50FB6C72293ED377004C1D7C /* Frameworks */ = {
			isa = PBXFrameworksBuildPhase;
			buildActionMask = 2147483647;
			files = (
			);
			runOnlyForDeploymentPostprocessing = 0;
		};
/* End PBXFrameworksBuildPhase section */

/* Begin PBXGroup section */
		50857DDF2941957E00C6BEA1 /* Model */ = {
			isa = PBXGroup;
			children = (
			);
			path = Model;
			sourceTree = "<group>";
		};
		50FB6C47293ED376004C1D7C = {
			isa = PBXGroup;
			children = (
				50FB6C52293ED376004C1D7C /* Calculator */,
				50FB6C6E293ED377004C1D7C /* CalculatorTests */,
				50FB6C78293ED377004C1D7C /* CalculatorUITests */,
				50FB6C51293ED376004C1D7C /* Products */,
				50FB6C88293EF3E8004C1D7C /* Frameworks */,
			);
			sourceTree = "<group>";
		};
		50FB6C51293ED376004C1D7C /* Products */ = {
			isa = PBXGroup;
			children = (
				50FB6C50293ED376004C1D7C /* Calculator.app */,
				50FB6C6B293ED377004C1D7C /* CalculatorTests.xctest */,
				50FB6C75293ED377004C1D7C /* CalculatorUITests.xctest */,
			);
			name = Products;
			sourceTree = "<group>";
		};
		50FB6C52293ED376004C1D7C /* Calculator */ = {
			isa = PBXGroup;
			children = (
				50857DDF2941957E00C6BEA1 /* Model */,
				50FB6C53293ED376004C1D7C /* AppDelegate.h */,
				50FB6C54293ED376004C1D7C /* AppDelegate.m */,
				50FB6C56293ED376004C1D7C /* SceneDelegate.h */,
				50FB6C57293ED376004C1D7C /* SceneDelegate.m */,
				50FB6C59293ED376004C1D7C /* ViewController.h */,
				50FB6C5A293ED376004C1D7C /* ViewController.m */,
				50FB6C5C293ED376004C1D7C /* Main.storyboard */,
				50FB6C5F293ED377004C1D7C /* Assets.xcassets */,
				50FB6C61293ED377004C1D7C /* LaunchScreen.storyboard */,
				50FB6C64293ED377004C1D7C /* Info.plist */,
				50FB6C65293ED377004C1D7C /* main.m */,
			);
			path = Calculator;
			sourceTree = "<group>";
		};
		50FB6C6E293ED377004C1D7C /* CalculatorTests */ = {
			isa = PBXGroup;
			children = (
				50FB6C6F293ED377004C1D7C /* CalculatorTests.m */,
			);
			path = CalculatorTests;
			sourceTree = "<group>";
		};
		50FB6C78293ED377004C1D7C /* CalculatorUITests */ = {
			isa = PBXGroup;
			children = (
				50FB6C79293ED377004C1D7C /* CalculatorUITests.m */,
				50FB6C7B293ED377004C1D7C /* CalculatorUITestsLaunchTests.m */,
			);
			path = CalculatorUITests;
			sourceTree = "<group>";
		};
		50FB6C88293EF3E8004C1D7C /* Frameworks */ = {
			isa = PBXGroup;
			children = (
				50FB6C89293EF3E9004C1D7C /* UIKit.framework */,
			);
			name = Frameworks;
			sourceTree = "<group>";
		};
/* End PBXGroup section */

/* Begin PBXNativeTarget section */
		50FB6C4F293ED376004C1D7C /* Calculator */ = {
			isa = PBXNativeTarget;
			buildConfigurationList = 50FB6C7F293ED377004C1D7C /* Build configuration list for PBXNativeTarget "Calculator" */;
			buildPhases = (
				50FB6C4C293ED376004C1D7C /* Sources */,
				50FB6C4D293ED376004C1D7C /* Frameworks */,
				50FB6C4E293ED376004C1D7C /* Resources */,
			);
			buildRules = (
			);
			dependencies = (
			);
			name = Calculator;
			productName = Calculator;
			productReference = 50FB6C50293ED376004C1D7C /* Calculator.app */;
			productType = "com.apple.product-type.application";
		};
		50FB6C6A293ED377004C1D7C /* CalculatorTests */ = {
			isa = PBXNativeTarget;
			buildConfigurationList = 50FB6C82293ED377004C1D7C /* Build configuration list for PBXNativeTarget "CalculatorTests" */;
			buildPhases = (
				50FB6C67293ED377004C1D7C /* Sources */,
				50FB6C68293ED377004C1D7C /* Frameworks */,
				50FB6C69293ED377004C1D7C /* Resources */,
			);
			buildRules = (
			);
			dependencies = (
				50FB6C6D293ED377004C1D7C /* PBXTargetDependency */,
			);
			name = CalculatorTests;
			productName = CalculatorTests;
			productReference = 50FB6C6B293ED377004C1D7C /* CalculatorTests.xctest */;
			productType = "com.apple.product-type.bundle.unit-test";
		};
		50FB6C74293ED377004C1D7C /* CalculatorUITests */ = {
			isa = PBXNativeTarget;
			buildConfigurationList = 50FB6C85293ED377004C1D7C /* Build configuration list for PBXNativeTarget "CalculatorUITests" */;
			buildPhases = (
				50FB6C71293ED377004C1D7C /* Sources */,
				50FB6C72293ED377004C1D7C /* Frameworks */,
				50FB6C73293ED377004C1D7C /* Resources */,
			);
			buildRules = (
			);
			dependencies = (
				50FB6C77293ED377004C1D7C /* PBXTargetDependency */,
			);
			name = CalculatorUITests;
			productName = CalculatorUITests;
			productReference = 50FB6C75293ED377004C1D7C /* CalculatorUITests.xctest */;
			productType = "com.apple.product-type.bundle.ui-testing";
		};
/* End PBXNativeTarget section */

/* Begin PBXProject section */
		50FB6C48293ED376004C1D7C /* Project object */ = {
			isa = PBXProject;
			attributes = {
				BuildIndependentTargetsInParallel = 1;
				LastUpgradeCheck = 1410;
				TargetAttributes = {
					50FB6C4F293ED376004C1D7C = {
						CreatedOnToolsVersion = 14.1;
					};
					50FB6C6A293ED377004C1D7C = {
						CreatedOnToolsVersion = 14.1;
						TestTargetID = 50FB6C4F293ED376004C1D7C;
					};
					50FB6C74293ED377004C1D7C = {
						CreatedOnToolsVersion = 14.1;
						TestTargetID = 50FB6C4F293ED376004C1D7C;
					};
				};
			};
			buildConfigurationList = 50FB6C4B293ED376004C1D7C /* Build configuration list for PBXProject "Calculator" */;
			compatibilityVersion = "Xcode 14.0";
			developmentRegion = en;
			hasScannedForEncodings = 0;
			knownRegions = (
				en,
				Base,
			);
			mainGroup = 50FB6C47293ED376004C1D7C;
			productRefGroup = 50FB6C51293ED376004C1D7C /* Products */;
			projectDirPath = "";
			projectRoot = "";
			targets = (
				50FB6C4F293ED376004C1D7C /* Calculator */,
				50FB6C6A293ED377004C1D7C /* CalculatorTests */,
				50FB6C74293ED377004C1D7C /* CalculatorUITests */,
			);
		};
/* End PBXProject section */

/* Begin PBXResourcesBuildPhase section */
		50FB6C4E293ED376004C1D7C /* Resources */ = {
			isa = PBXResourcesBuildPhase;
			buildActionMask = 2147483647;
			files = (
				50FB6C63293ED377004C1D7C /* LaunchScreen.storyboard in Resources */,
				50FB6C60293ED377004C1D7C /* Assets.xcassets in Resources */,
				50FB6C5E293ED376004C1D7C /* Main.storyboard in Resources */,
			);
			runOnlyForDeploymentPostprocessing = 0;
		};
		50FB6C69293ED377004C1D7C /* Resources */ = {
			isa = PBXResourcesBuildPhase;
			buildActionMask = 2147483647;
			files = (
			);
			runOnlyForDeploymentPostprocessing = 0;
		};
		50FB6C73293ED377004C1D7C /* Resources */ = {
			isa = PBXResourcesBuildPhase;
			buildActionMask = 2147483647;
			files = (
			);
			runOnlyForDeploymentPostprocessing = 0;
		};
/* End PBXResourcesBuildPhase section */

/* Begin PBXSourcesBuildPhase section */
		50FB6C4C293ED376004C1D7C /* Sources */ = {
			isa = PBXSourcesBuildPhase;
			buildActionMask = 2147483647;
			files = (
				50FB6C5B293ED376004C1D7C /* ViewController.m in Sources */,
				50FB6C55293ED376004C1D7C /* AppDelegate.m in Sources */,
				50FB6C66293ED377004C1D7C /* main.m in Sources */,
				50FB6C58293ED376004C1D7C /* SceneDelegate.m in Sources */,
			);
			runOnlyForDeploymentPostprocessing = 0;
		};
		50FB6C67293ED377004C1D7C /* Sources */ = {
			isa = PBXSourcesBuildPhase;
			buildActionMask = 2147483647;
			files = (
				50FB6C70293ED377004C1D7C /* CalculatorTests.m in Sources */,
			);
			runOnlyForDeploymentPostprocessing = 0;
		};
		50FB6C71293ED377004C1D7C /* Sources */ = {
			isa = PBXSourcesBuildPhase;
			buildActionMask = 2147483647;
			files = (
				50FB6C7C293ED377004C1D7C /* CalculatorUITestsLaunchTests.m in Sources */,
				50FB6C7A293ED377004C1D7C /* CalculatorUITests.m in Sources */,
			);
			runOnlyForDeploymentPostprocessing = 0;
		};
/* End PBXSourcesBuildPhase section */

/* Begin PBXTargetDependency section */
		50FB6C6D293ED377004C1D7C /* PBXTargetDependency */ = {
			isa = PBXTargetDependency;
			target = 50FB6C4F293ED376004C1D7C /* Calculator */;
			targetProxy = 50FB6C6C293ED377004C1D7C /* PBXContainerItemProxy */;
		};
		50FB6C77293ED377004C1D7C /* PBXTargetDependency */ = {
			isa = PBXTargetDependency;
			target = 50FB6C4F293ED376004C1D7C /* Calculator */;
			targetProxy = 50FB6C76293ED377004C1D7C /* PBXContainerItemProxy */;
		};
/* End PBXTargetDependency section */

/* Begin PBXVariantGroup section */
		50FB6C5C293ED376004C1D7C /* Main.storyboard */ = {
			isa = PBXVariantGroup;
			children = (
				50FB6C5D293ED376004C1D7C /* Base */,
			);
			name = Main.storyboard;
			sourceTree = "<group>";
		};
		50FB6C61293ED377004C1D7C /* LaunchScreen.storyboard */ = {
			isa = PBXVariantGroup;
			children = (
				50FB6C62293ED377004C1D7C /* Base */,
			);
			name = LaunchScreen.storyboard;
			sourceTree = "<group>";
		};
/* End PBXVariantGroup section */

/* Begin XCBuildConfiguration section */
		50FB6C7D293ED377004C1D7C /* Debug */ = {
			isa = XCBuildConfiguration;
			buildSettings = {
				ALWAYS_SEARCH_USER_PATHS = NO;
				CLANG_ANALYZER_NONNULL = YES;
				CLANG_ANALYZER_NUMBER_OBJECT_CONVERSION = YES_AGGRESSIVE;
				CLANG_CXX_LANGUAGE_STANDARD = "gnu++20";
				CLANG_ENABLE_MODULES = YES;
				CLANG_ENABLE_OBJC_ARC = YES;
				CLANG_ENABLE_OBJC_WEAK = YES;
				CLANG_WARN_BLOCK_CAPTURE_AUTORELEASING = YES;
				CLANG_WARN_BOOL_CONVERSION = YES;
				CLANG_WARN_COMMA = YES;
				CLANG_WARN_CONSTANT_CONVERSION = YES;
				CLANG_WARN_DEPRECATED_OBJC_IMPLEMENTATIONS = YES;
				CLANG_WARN_DIRECT_OBJC_ISA_USAGE = YES_ERROR;
				CLANG_WARN_DOCUMENTATION_COMMENTS = YES;
				CLANG_WARN_EMPTY_BODY = YES;
				CLANG_WARN_ENUM_CONVERSION = YES;
				CLANG_WARN_INFINITE_RECURSION = YES;
				CLANG_WARN_INT_CONVERSION = YES;
				CLANG_WARN_NON_LITERAL_NULL_CONVERSION = YES;
				CLANG_WARN_OBJC_IMPLICIT_RETAIN_SELF = YES;
				CLANG_WARN_OBJC_LITERAL_CONVERSION = YES;
				CLANG_WARN_OBJC_ROOT_CLASS = YES_ERROR;
				CLANG_WARN_QUOTED_INCLUDE_IN_FRAMEWORK_HEADER = YES;
				CLANG_WARN_RANGE_LOOP_ANALYSIS = YES;
				CLANG_WARN_STRICT_PROTOTYPES = YES;
				CLANG_WARN_SUSPICIOUS_MOVE = YES;
				CLANG_WARN_UNGUARDED_AVAILABILITY = YES_AGGRESSIVE;
				CLANG_WARN_UNREACHABLE_CODE = YES;
				CLANG_WARN__DUPLICATE_METHOD_MATCH = YES;
				COPY_PHASE_STRIP = NO;
				DEBUG_INFORMATION_FORMAT = dwarf;
				ENABLE_STRICT_OBJC_MSGSEND = YES;
				ENABLE_TESTABILITY = YES;
				GCC_C_LANGUAGE_STANDARD = gnu11;
				GCC_DYNAMIC_NO_PIC = NO;
				GCC_NO_COMMON_BLOCKS = YES;
				GCC_OPTIMIZATION_LEVEL = 0;
				GCC_PREPROCESSOR_DEFINITIONS = (
					"DEBUG=1",
					"$(inherited)",
				);
				GCC_WARN_64_TO_32_BIT_CONVERSION = YES;
				GCC_WARN_ABOUT_RETURN_TYPE = YES_ERROR;
				GCC_WARN_UNDECLARED_SELECTOR = YES;
				GCC_WARN_UNINITIALIZED_AUTOS = YES_AGGRESSIVE;
				GCC_WARN_UNUSED_FUNCTION = YES;
				GCC_WARN_UNUSED_VARIABLE = YES;
				IPHONEOS_DEPLOYMENT_TARGET = 16.1;
				MTL_ENABLE_DEBUG_INFO = INCLUDE_SOURCE;
				MTL_FAST_MATH = YES;
				ONLY_ACTIVE_ARCH = YES;
				SDKROOT = iphoneos;
			};
			name = Debug;
		};
		50FB6C7E293ED377004C1D7C /* Release */ = {
			isa = XCBuildConfiguration;
			buildSettings = {
				ALWAYS_SEARCH_USER_PATHS = NO;
				CLANG_ANALYZER_NONNULL = YES;
				CLANG_ANALYZER_NUMBER_OBJECT_CONVERSION = YES_AGGRESSIVE;
				CLANG_CXX_LANGUAGE_STANDARD = "gnu++20";
				CLANG_ENABLE_MODULES = YES;
				CLANG_ENABLE_OBJC_ARC = YES;
				CLANG_ENABLE_OBJC_WEAK = YES;
				CLANG_WARN_BLOCK_CAPTURE_AUTORELEASING = YES;
				CLANG_WARN_BOOL_CONVERSION = YES;
				CLANG_WARN_COMMA = YES;
				CLANG_WARN_CONSTANT_CONVERSION = YES;
				CLANG_WARN_DEPRECATED_OBJC_IMPLEMENTATIONS = YES;
				CLANG_WARN_DIRECT_OBJC_ISA_USAGE = YES_ERROR;
				CLANG_WARN_DOCUMENTATION_COMMENTS = YES;
				CLANG_WARN_EMPTY_BODY = YES;
				CLANG_WARN_ENUM_CONVERSION = YES;
				CLANG_WARN_INFINITE_RECURSION = YES;
				CLANG_WARN_INT_CONVERSION = YES;
				CLANG_WARN_NON_LITERAL_NULL_CONVERSION = YES;
				CLANG_WARN_OBJC_IMPLICIT_RETAIN_SELF = YES;
				CLANG_WARN_OBJC_LITERAL_CONVERSION = YES;
				CLANG_WARN_OBJC_ROOT_CLASS = YES_ERROR;
				CLANG_WARN_QUOTED_INCLUDE_IN_FRAMEWORK_HEADER = YES;
				CLANG_WARN_RANGE_LOOP_ANALYSIS = YES;
				CLANG_WARN_STRICT_PROTOTYPES = YES;
				CLANG_WARN_SUSPICIOUS_MOVE = YES;
				CLANG_WARN_UNGUARDED_AVAILABILITY = YES_AGGRESSIVE;
				CLANG_WARN_UNREACHABLE_CODE = YES;
				CLANG_WARN__DUPLICATE_METHOD_MATCH = YES;
				COPY_PHASE_STRIP = NO;
				DEBUG_INFORMATION_FORMAT = "dwarf-with-dsym";
				ENABLE_NS_ASSERTIONS = NO;
				ENABLE_STRICT_OBJC_MSGSEND = YES;
				GCC_C_LANGUAGE_STANDARD = gnu11;
				GCC_NO_COMMON_BLOCKS = YES;
				GCC_WARN_64_TO_32_BIT_CONVERSION = YES;
				GCC_WARN_ABOUT_RETURN_TYPE = YES_ERROR;
				GCC_WARN_UNDECLARED_SELECTOR = YES;
				GCC_WARN_UNINITIALIZED_AUTOS = YES_AGGRESSIVE;
				GCC_WARN_UNUSED_FUNCTION = YES;
				GCC_WARN_UNUSED_VARIABLE = YES;
				IPHONEOS_DEPLOYMENT_TARGET = 16.1;
				MTL_ENABLE_DEBUG_INFO = NO;
				MTL_FAST_MATH = YES;
				SDKROOT = iphoneos;
				VALIDATE_PRODUCT = YES;
			};
			name = Release;
		};
		50FB6C80293ED377004C1D7C /* Debug */ = {
			isa = XCBuildConfiguration;
			buildSettings = {
				ASSETCATALOG_COMPILER_APPICON_NAME = AppIcon;
				ASSETCATALOG_COMPILER_GLOBAL_ACCENT_COLOR_NAME = AccentColor;
				CODE_SIGN_STYLE = Automatic;
				CURRENT_PROJECT_VERSION = 1;
				DEVELOPMENT_TEAM = VFG48XB875;
				GENERATE_INFOPLIST_FILE = YES;
				INFOPLIST_FILE = Calculator/Info.plist;
				INFOPLIST_KEY_CFBundleDisplayName = Calculator;
				INFOPLIST_KEY_UIApplicationSupportsIndirectInputEvents = YES;
				INFOPLIST_KEY_UILaunchStoryboardName = LaunchScreen;
				INFOPLIST_KEY_UIMainStoryboardFile = Main;
				INFOPLIST_KEY_UISupportedInterfaceOrientations_iPad = "UIInterfaceOrientationPortrait UIInterfaceOrientationPortraitUpsideDown UIInterfaceOrientationLandscapeLeft UIInterfaceOrientationLandscapeRight";
				INFOPLIST_KEY_UISupportedInterfaceOrientations_iPhone = "UIInterfaceOrientationPortrait UIInterfaceOrientationLandscapeLeft UIInterfaceOrientationLandscapeRight";
				LD_RUNPATH_SEARCH_PATHS = (
					"$(inherited)",
					"@executable_path/Frameworks",
				);
				MARKETING_VERSION = 1.0;
				PRODUCT_BUNDLE_IDENTIFIER = "com.gmail-alexjackson.aj81.Calculator";
				PRODUCT_NAME = "$(TARGET_NAME)";
				SWIFT_EMIT_LOC_STRINGS = YES;
				TARGETED_DEVICE_FAMILY = "1,2";
			};
			name = Debug;
		};
		50FB6C81293ED377004C1D7C /* Release */ = {
			isa = XCBuildConfiguration;
			buildSettings = {
				ASSETCATALOG_COMPILER_APPICON_NAME = AppIcon;
				ASSETCATALOG_COMPILER_GLOBAL_ACCENT_COLOR_NAME = AccentColor;
				CODE_SIGN_STYLE = Automatic;
				CURRENT_PROJECT_VERSION = 1;
				DEVELOPMENT_TEAM = VFG48XB875;
				GENERATE_INFOPLIST_FILE = YES;
				INFOPLIST_FILE = Calculator/Info.plist;
				INFOPLIST_KEY_CFBundleDisplayName = Calculator;
				INFOPLIST_KEY_UIApplicationSupportsIndirectInputEvents = YES;
				INFOPLIST_KEY_UILaunchStoryboardName = LaunchScreen;
				INFOPLIST_KEY_UIMainStoryboardFile = Main;
				INFOPLIST_KEY_UISupportedInterfaceOrientations_iPad = "UIInterfaceOrientationPortrait UIInterfaceOrientationPortraitUpsideDown UIInterfaceOrientationLandscapeLeft UIInterfaceOrientationLandscapeRight";
				INFOPLIST_KEY_UISupportedInterfaceOrientations_iPhone = "UIInterfaceOrientationPortrait UIInterfaceOrientationLandscapeLeft UIInterfaceOrientationLandscapeRight";
				LD_RUNPATH_SEARCH_PATHS = (
					"$(inherited)",
					"@executable_path/Frameworks",
				);
				MARKETING_VERSION = 1.0;
				PRODUCT_BUNDLE_IDENTIFIER = "com.gmail-alexjackson.aj81.Calculator";
				PRODUCT_NAME = "$(TARGET_NAME)";
				SWIFT_EMIT_LOC_STRINGS = YES;
				TARGETED_DEVICE_FAMILY = "1,2";
			};
			name = Release;
		};
		50FB6C83293ED377004C1D7C /* Debug */ = {
			isa = XCBuildConfiguration;
			buildSettings = {
				BUNDLE_LOADER = "$(TEST_HOST)";
				CODE_SIGN_STYLE = Automatic;
				CURRENT_PROJECT_VERSION = 1;
				DEVELOPMENT_TEAM = VFG48XB875;
				GENERATE_INFOPLIST_FILE = YES;
				IPHONEOS_DEPLOYMENT_TARGET = 16.1;
				MARKETING_VERSION = 1.0;
				PRODUCT_BUNDLE_IDENTIFIER = "com.gmail-alexjackson.aj81.CalculatorTests";
				PRODUCT_NAME = "$(TARGET_NAME)";
				SWIFT_EMIT_LOC_STRINGS = NO;
				TARGETED_DEVICE_FAMILY = "1,2";
				TEST_HOST = "$(BUILT_PRODUCTS_DIR)/Calculator.app/$(BUNDLE_EXECUTABLE_FOLDER_PATH)/Calculator";
			};
			name = Debug;
		};
		50FB6C84293ED377004C1D7C /* Release */ = {
			isa = XCBuildConfiguration;
			buildSettings = {
				BUNDLE_LOADER = "$(TEST_HOST)";
				CODE_SIGN_STYLE = Automatic;
				CURRENT_PROJECT_VERSION = 1;
				DEVELOPMENT_TEAM = VFG48XB875;
				GENERATE_INFOPLIST_FILE = YES;
				IPHONEOS_DEPLOYMENT_TARGET = 16.1;
				MARKETING_VERSION = 1.0;
				PRODUCT_BUNDLE_IDENTIFIER = "com.gmail-alexjackson.aj81.CalculatorTests";
				PRODUCT_NAME = "$(TARGET_NAME)";
				SWIFT_EMIT_LOC_STRINGS = NO;
				TARGETED_DEVICE_FAMILY = "1,2";
				TEST_HOST = "$(BUILT_PRODUCTS_DIR)/Calculator.app/$(BUNDLE_EXECUTABLE_FOLDER_PATH)/Calculator";
			};
			name = Release;
		};
		50FB6C86293ED377004C1D7C /* Debug */ = {
			isa = XCBuildConfiguration;
			buildSettings = {
				CODE_SIGN_STYLE = Automatic;
				CURRENT_PROJECT_VERSION = 1;
				DEVELOPMENT_TEAM = VFG48XB875;
				GENERATE_INFOPLIST_FILE = YES;
				MARKETING_VERSION = 1.0;
				PRODUCT_BUNDLE_IDENTIFIER = "com.gmail-alexjackson.aj81.CalculatorUITests";
				PRODUCT_NAME = "$(TARGET_NAME)";
				SWIFT_EMIT_LOC_STRINGS = NO;
				TARGETED_DEVICE_FAMILY = "1,2";
				TEST_TARGET_NAME = Calculator;
			};
			name = Debug;
		};
		50FB6C87293ED377004C1D7C /* Release */ = {
			isa = XCBuildConfiguration;
			buildSettings = {
				CODE_SIGN_STYLE = Automatic;
				CURRENT_PROJECT_VERSION = 1;
				DEVELOPMENT_TEAM = VFG48XB875;
				GENERATE_INFOPLIST_FILE = YES;
				MARKETING_VERSION = 1.0;
				PRODUCT_BUNDLE_IDENTIFIER = "com.gmail-alexjackson.aj81.CalculatorUITests";
				PRODUCT_NAME = "$(TARGET_NAME)";
				SWIFT_EMIT_LOC_STRINGS = NO;
				TARGETED_DEVICE_FAMILY = "1,2";
				TEST_TARGET_NAME = Calculator;
			};
			name = Release;
		};
/* End XCBuildConfiguration section */

/* Begin XCConfigurationList section */
		50FB6C4B293ED376004C1D7C /* Build configuration list for PBXProject "Calculator" */ = {
			isa = XCConfigurationList;
			buildConfigurations = (
				50FB6C7D293ED377004C1D7C /* Debug */,
				50FB6C7E293ED377004C1D7C /* Release */,
			);
			defaultConfigurationIsVisible = 0;
			defaultConfigurationName = Release;
		};
		50FB6C7F293ED377004C1D7C /* Build configuration list for PBXNativeTarget "Calculator" */ = {
			isa = XCConfigurationList;
			buildConfigurations = (
				50FB6C80293ED377004C1D7C /* Debug */,
				50FB6C81293ED377004C1D7C /* Release */,
			);
			defaultConfigurationIsVisible = 0;
			defaultConfigurationName = Release;
		};
		50FB6C82293ED377004C1D7C /* Build configuration list for PBXNativeTarget "CalculatorTests" */ = {
			isa = XCConfigurationList;
			buildConfigurations = (
				50FB6C83293ED377004C1D7C /* Debug */,
				50FB6C84293ED377004C1D7C /* Release */,
			);
			defaultConfigurationIsVisible = 0;
			defaultConfigurationName = Release;
		};
		50FB6C85293ED377004C1D7C /* Build configuration list for PBXNativeTarget "CalculatorUITests" */ = {
			isa = XCConfigurationList;
			buildConfigurations = (
				50FB6C86293ED377004C1D7C /* Debug */,
				50FB6C87293ED377004C1D7C /* Release */,
			);
			defaultConfigurationIsVisible = 0;
			defaultConfigurationName = Release;
		};
/* End XCConfigurationList section */
	};
	rootObject = 50FB6C48293ED376004C1D7C /* Project object */;
}
